
Microsoft Visual Studio Solution File, Format Version 12.00
# Visual Studio 14
VisualStudioVersion = 14.0.23107.0
MinimumVisualStudioVersion = 10.0.40219.1
Project("{FAE04EC0-301F-11D3-BF4B-00C04F79EFBC}") = "lmgreadapp2", "lmgreadapp2\lmgreadapp2.csproj", "{54B88EDC-8D0E-4FAB-BF32-5C0938106BD8}"
EndProject
Project("{2150E333-8FDC-42A3-9474-1A3956D46DE8}") = "PublishScripts", "PublishScripts", "{BF124863-2B85-4B73-AC61-D389DBC554FC}"
EndProject
Project("{2150E333-8FDC-42A3-9474-1A3956D46DE8}") = "Scripts", "Scripts", "{BB49BB88-B613-4EE9-A0B3-1F4294091371}"
	ProjectSection(SolutionItems) = preProject
		PublishScripts\Scripts\Deploy-AzureResourceGroup.ps1 = PublishScripts\Scripts\Deploy-AzureResourceGroup.ps1
	EndProjectSection
EndProject
Project("{2150E333-8FDC-42A3-9474-1A3956D46DE8}") = "Templates", "Templates", "{F158F57B-E8E5-4BF7-9103-DE9A13757A82}"
	ProjectSection(SolutionItems) = preProject
		PublishScripts\Templates\lmgreadapp2.json = PublishScripts\Templates\lmgreadapp2.json
		PublishScripts\Templates\lmgreadapp2.param.dev.json = PublishScripts\Templates\lmgreadapp2.param.dev.json
	EndProjectSection
EndProject
Global
	GlobalSection(SolutionConfigurationPlatforms) = preSolution
		Debug|Any CPU = Debug|Any CPU
		Release|Any CPU = Release|Any CPU
	EndGlobalSection
	GlobalSection(ProjectConfigurationPlatforms) = postSolution
		{54B88EDC-8D0E-4FAB-BF32-5C0938106BD8}.Debug|Any CPU.ActiveCfg = Debug|Any CPU
		{54B88EDC-8D0E-4FAB-BF32-5C0938106BD8}.Debug|Any CPU.Build.0 = Debug|Any CPU
		{54B88EDC-8D0E-4FAB-BF32-5C0938106BD8}.Release|Any CPU.ActiveCfg = Release|Any CPU
		{54B88EDC-8D0E-4FAB-BF32-5C0938106BD8}.Release|Any CPU.Build.0 = Release|Any CPU
	EndGlobalSection
	GlobalSection(SolutionProperties) = preSolution
		HideSolutionNode = FALSE
	EndGlobalSection
	GlobalSection(NestedProjects) = preSolution
		{BB49BB88-B613-4EE9-A0B3-1F4294091371} = {BF124863-2B85-4B73-AC61-D389DBC554FC}
		{F158F57B-E8E5-4BF7-9103-DE9A13757A82} = {BF124863-2B85-4B73-AC61-D389DBC554FC}
	EndGlobalSection
EndGlobal
